
Microsoft Visual Studio Solution File, Format Version 12.00
# Visual Studio Version 17
VisualStudioVersion = 17.9.34728.123
MinimumVisualStudioVersion = 10.0.40219.1
Project("{FAE04EC0-301F-11D3-BF4B-00C04F79EFBC}") = "Car_Rental_APIs", "Car_Rental_APIs\Car_Rental_APIs.csproj", "{5FD2B4AC-39D3-478D-84E1-7DEC4181131F}"
EndProject
Global
	GlobalSection(SolutionConfigurationPlatforms) = preSolution
		Debug|Any CPU = Debug|Any CPU
		Release|Any CPU = Release|Any CPU
	EndGlobalSection
	GlobalSection(ProjectConfigurationPlatforms) = postSolution
		{5FD2B4AC-39D3-478D-84E1-7DEC4181131F}.Debug|Any CPU.ActiveCfg = Debug|Any CPU
		{5FD2B4AC-39D3-478D-84E1-7DEC4181131F}.Debug|Any CPU.Build.0 = Debug|Any CPU
		{5FD2B4AC-39D3-478D-84E1-7DEC4181131F}.Release|Any CPU.ActiveCfg = Release|Any CPU
		{5FD2B4AC-39D3-478D-84E1-7DEC4181131F}.Release|Any CPU.Build.0 = Release|Any CPU
	EndGlobalSection
	GlobalSection(SolutionProperties) = preSolution
		HideSolutionNode = FALSE
	EndGlobalSection
	GlobalSection(ExtensibilityGlobals) = postSolution
		SolutionGuid = {84800DEB-4F51-42D9-8ACE-6CF89787D85D}
	EndGlobalSection
EndGlobal
